// !$*UTF8*$!
{
	archiveVersion = 1;
	classes = {
	};
	objectVersion = 50;
	objects = {

/* Begin PBXBuildFile section */
		4713A1FC20C1643E008A13D2 /* User.swift in Sources */ = {isa = PBXBuildFile; fileRef = 4713A1FB20C1643E008A13D2 /* User.swift */; };
		4713A1FE20C16459008A13D2 /* Habit.swift in Sources */ = {isa = PBXBuildFile; fileRef = 4713A1FD20C16459008A13D2 /* Habit.swift */; };
		4713A20020C164E6008A13D2 /* HabitDay.swift in Sources */ = {isa = PBXBuildFile; fileRef = 4713A1FF20C164E6008A13D2 /* HabitDay.swift */; };
		4713A20220C164FB008A13D2 /* Day.swift in Sources */ = {isa = PBXBuildFile; fileRef = 4713A20120C164FB008A13D2 /* Day.swift */; };
		4713A20420C16542008A13D2 /* Notification.swift in Sources */ = {isa = PBXBuildFile; fileRef = 4713A20320C16542008A13D2 /* Notification.swift */; };
		4725D05B20C8A4BA00C3B63F /* HabitsTableViewController.swift in Sources */ = {isa = PBXBuildFile; fileRef = 4725D05A20C8A4BA00C3B63F /* HabitsTableViewController.swift */; };
		4725D05D20C8A96200C3B63F /* HabitStorage.swift in Sources */ = {isa = PBXBuildFile; fileRef = 4725D05C20C8A96200C3B63F /* HabitStorage.swift */; };
		4725D05F20C97D9C00C3B63F /* UserStorage.swift in Sources */ = {isa = PBXBuildFile; fileRef = 4725D05E20C97D9C00C3B63F /* UserStorage.swift */; };
		4725D06120CA06EE00C3B63F /* DayStorage.swift in Sources */ = {isa = PBXBuildFile; fileRef = 4725D06020CA06EE00C3B63F /* DayStorage.swift */; };
		4725D06320CA14A600C3B63F /* HabitDayStorage.swift in Sources */ = {isa = PBXBuildFile; fileRef = 4725D06220CA14A600C3B63F /* HabitDayStorage.swift */; };
		474A209520D00AFA00E0EBD0 /* DayStorageTests.swift in Sources */ = {isa = PBXBuildFile; fileRef = 474A209420D00AFA00E0EBD0 /* DayStorageTests.swift */; };
		474A209720D1B02700E0EBD0 /* HabitStorageTests.swift in Sources */ = {isa = PBXBuildFile; fileRef = 474A209620D1B02700E0EBD0 /* HabitStorageTests.swift */; };
		474A209C20D1B51300E0EBD0 /* DateUtilsTests.swift in Sources */ = {isa = PBXBuildFile; fileRef = 474A209B20D1B51300E0EBD0 /* DateUtilsTests.swift */; };
		474F9C8620CC7E180094C19C /* Date+Utils.swift in Sources */ = {isa = PBXBuildFile; fileRef = 474F9C8520CC7E180094C19C /* Date+Utils.swift */; };
		474F9C8A20CE3F670094C19C /* IntegrationTestCase.swift in Sources */ = {isa = PBXBuildFile; fileRef = 474F9C8920CE3F670094C19C /* IntegrationTestCase.swift */; };
		474F9C8D20CEE2840094C19C /* UserStorageTests.swift in Sources */ = {isa = PBXBuildFile; fileRef = 474F9C8C20CEE2840094C19C /* UserStorageTests.swift */; };
		475C96A220DEFB4C00212E1F /* DummyFactory.swift in Sources */ = {isa = PBXBuildFile; fileRef = 475C96A120DEFB4C00212E1F /* DummyFactory.swift */; };
		475C96A420DEFC9500212E1F /* DayFactory.swift in Sources */ = {isa = PBXBuildFile; fileRef = 475C96A320DEFC9500212E1F /* DayFactory.swift */; };
		475C96A620DEFEBC00212E1F /* HabitFactory.swift in Sources */ = {isa = PBXBuildFile; fileRef = 475C96A520DEFEBC00212E1F /* HabitFactory.swift */; };
		475C96A820DF20A500212E1F /* NotificationFactory.swift in Sources */ = {isa = PBXBuildFile; fileRef = 475C96A720DF20A500212E1F /* NotificationFactory.swift */; };
		475C96AA20DF235000212E1F /* HabitDayFactory.swift in Sources */ = {isa = PBXBuildFile; fileRef = 475C96A920DF235000212E1F /* HabitDayFactory.swift */; };
		475C96AD20E1216D00212E1F /* HabitTests.swift in Sources */ = {isa = PBXBuildFile; fileRef = 475C96AC20E1216D00212E1F /* HabitTests.swift */; };
		4761DFD320DE692A003F772A /* UNUserNotificationCenterMock.swift in Sources */ = {isa = PBXBuildFile; fileRef = 4761DFD220DE692A003F772A /* UNUserNotificationCenterMock.swift */; };
		4761DFD620DEEAA7003F772A /* UserFactory.swift in Sources */ = {isa = PBXBuildFile; fileRef = 4761DFD520DEEAA7003F772A /* UserFactory.swift */; };
		4779588020D8ADA90080614F /* NotificationStorageTests.swift in Sources */ = {isa = PBXBuildFile; fileRef = 4779587F20D8ADA90080614F /* NotificationStorageTests.swift */; };
		4779588320D8B2E10080614F /* UserNotificationManager.swift in Sources */ = {isa = PBXBuildFile; fileRef = 4779588220D8B2E10080614F /* UserNotificationManager.swift */; };
		4779588520D8B38B0080614F /* NotificationStorage.swift in Sources */ = {isa = PBXBuildFile; fileRef = 4779588420D8B38B0080614F /* NotificationStorage.swift */; };
		47D8FC9E20DC13990094026B /* UserNotificationManagerTests.swift in Sources */ = {isa = PBXBuildFile; fileRef = 47D8FC9D20DC13990094026B /* UserNotificationManagerTests.swift */; };
		47F635F020BB920900AC4555 /* AppDelegate.swift in Sources */ = {isa = PBXBuildFile; fileRef = 47F635EF20BB920900AC4555 /* AppDelegate.swift */; };
		47F635F520BB920900AC4555 /* Main.storyboard in Resources */ = {isa = PBXBuildFile; fileRef = 47F635F320BB920900AC4555 /* Main.storyboard */; };
		47F635F820BB920900AC4555 /* Active.xcdatamodeld in Sources */ = {isa = PBXBuildFile; fileRef = 47F635F620BB920900AC4555 /* Active.xcdatamodeld */; };
		47F635FA20BB920D00AC4555 /* Assets.xcassets in Resources */ = {isa = PBXBuildFile; fileRef = 47F635F920BB920D00AC4555 /* Assets.xcassets */; };
		47F635FD20BB920D00AC4555 /* LaunchScreen.storyboard in Resources */ = {isa = PBXBuildFile; fileRef = 47F635FB20BB920D00AC4555 /* LaunchScreen.storyboard */; };
		47F6360820BB920D00AC4555 /* ActiveTests.swift in Sources */ = {isa = PBXBuildFile; fileRef = 47F6360720BB920D00AC4555 /* ActiveTests.swift */; };
/* End PBXBuildFile section */

/* Begin PBXContainerItemProxy section */
		47F6360420BB920D00AC4555 /* PBXContainerItemProxy */ = {
			isa = PBXContainerItemProxy;
			containerPortal = 47F635E420BB920900AC4555 /* Project object */;
			proxyType = 1;
			remoteGlobalIDString = 47F635EB20BB920900AC4555;
			remoteInfo = Active;
		};
/* End PBXContainerItemProxy section */

/* Begin PBXFileReference section */
		4713A1FB20C1643E008A13D2 /* User.swift */ = {isa = PBXFileReference; indentWidth = 4; lastKnownFileType = sourcecode.swift; path = User.swift; sourceTree = "<group>"; tabWidth = 4; };
		4713A1FD20C16459008A13D2 /* Habit.swift */ = {isa = PBXFileReference; indentWidth = 4; lastKnownFileType = sourcecode.swift; path = Habit.swift; sourceTree = "<group>"; tabWidth = 4; };
		4713A1FF20C164E6008A13D2 /* HabitDay.swift */ = {isa = PBXFileReference; indentWidth = 4; lastKnownFileType = sourcecode.swift; path = HabitDay.swift; sourceTree = "<group>"; tabWidth = 4; };
		4713A20120C164FB008A13D2 /* Day.swift */ = {isa = PBXFileReference; indentWidth = 4; lastKnownFileType = sourcecode.swift; path = Day.swift; sourceTree = "<group>"; tabWidth = 4; };
		4713A20320C16542008A13D2 /* Notification.swift */ = {isa = PBXFileReference; indentWidth = 4; lastKnownFileType = sourcecode.swift; path = Notification.swift; sourceTree = "<group>"; tabWidth = 4; };
		4725D05A20C8A4BA00C3B63F /* HabitsTableViewController.swift */ = {isa = PBXFileReference; indentWidth = 4; lastKnownFileType = sourcecode.swift; path = HabitsTableViewController.swift; sourceTree = "<group>"; tabWidth = 4; };
		4725D05C20C8A96200C3B63F /* HabitStorage.swift */ = {isa = PBXFileReference; lastKnownFileType = sourcecode.swift; path = HabitStorage.swift; sourceTree = "<group>"; };
		4725D05E20C97D9C00C3B63F /* UserStorage.swift */ = {isa = PBXFileReference; lastKnownFileType = sourcecode.swift; path = UserStorage.swift; sourceTree = "<group>"; };
		4725D06020CA06EE00C3B63F /* DayStorage.swift */ = {isa = PBXFileReference; lastKnownFileType = sourcecode.swift; path = DayStorage.swift; sourceTree = "<group>"; };
		4725D06220CA14A600C3B63F /* HabitDayStorage.swift */ = {isa = PBXFileReference; lastKnownFileType = sourcecode.swift; path = HabitDayStorage.swift; sourceTree = "<group>"; };
		474A209420D00AFA00E0EBD0 /* DayStorageTests.swift */ = {isa = PBXFileReference; lastKnownFileType = sourcecode.swift; path = DayStorageTests.swift; sourceTree = "<group>"; };
		474A209620D1B02700E0EBD0 /* HabitStorageTests.swift */ = {isa = PBXFileReference; lastKnownFileType = sourcecode.swift; path = HabitStorageTests.swift; sourceTree = "<group>"; };
		474A209B20D1B51300E0EBD0 /* DateUtilsTests.swift */ = {isa = PBXFileReference; lastKnownFileType = sourcecode.swift; path = DateUtilsTests.swift; sourceTree = "<group>"; };
		474F9C8520CC7E180094C19C /* Date+Utils.swift */ = {isa = PBXFileReference; lastKnownFileType = sourcecode.swift; path = "Date+Utils.swift"; sourceTree = "<group>"; };
		474F9C8920CE3F670094C19C /* IntegrationTestCase.swift */ = {isa = PBXFileReference; lastKnownFileType = sourcecode.swift; path = IntegrationTestCase.swift; sourceTree = "<group>"; };
		474F9C8C20CEE2840094C19C /* UserStorageTests.swift */ = {isa = PBXFileReference; lastKnownFileType = sourcecode.swift; path = UserStorageTests.swift; sourceTree = "<group>"; };
		475C96A120DEFB4C00212E1F /* DummyFactory.swift */ = {isa = PBXFileReference; lastKnownFileType = sourcecode.swift; path = DummyFactory.swift; sourceTree = "<group>"; };
		475C96A320DEFC9500212E1F /* DayFactory.swift */ = {isa = PBXFileReference; lastKnownFileType = sourcecode.swift; path = DayFactory.swift; sourceTree = "<group>"; };
		475C96A520DEFEBC00212E1F /* HabitFactory.swift */ = {isa = PBXFileReference; lastKnownFileType = sourcecode.swift; path = HabitFactory.swift; sourceTree = "<group>"; };
		475C96A720DF20A500212E1F /* NotificationFactory.swift */ = {isa = PBXFileReference; lastKnownFileType = sourcecode.swift; path = NotificationFactory.swift; sourceTree = "<group>"; };
		475C96A920DF235000212E1F /* HabitDayFactory.swift */ = {isa = PBXFileReference; lastKnownFileType = sourcecode.swift; path = HabitDayFactory.swift; sourceTree = "<group>"; };
		475C96AC20E1216D00212E1F /* HabitTests.swift */ = {isa = PBXFileReference; lastKnownFileType = sourcecode.swift; path = HabitTests.swift; sourceTree = "<group>"; };
		4761DFD220DE692A003F772A /* UNUserNotificationCenterMock.swift */ = {isa = PBXFileReference; lastKnownFileType = sourcecode.swift; path = UNUserNotificationCenterMock.swift; sourceTree = "<group>"; };
		4761DFD520DEEAA7003F772A /* UserFactory.swift */ = {isa = PBXFileReference; lastKnownFileType = sourcecode.swift; path = UserFactory.swift; sourceTree = "<group>"; };
		4779587F20D8ADA90080614F /* NotificationStorageTests.swift */ = {isa = PBXFileReference; lastKnownFileType = sourcecode.swift; path = NotificationStorageTests.swift; sourceTree = "<group>"; };
		4779588220D8B2E10080614F /* UserNotificationManager.swift */ = {isa = PBXFileReference; lastKnownFileType = sourcecode.swift; path = UserNotificationManager.swift; sourceTree = "<group>"; };
		4779588420D8B38B0080614F /* NotificationStorage.swift */ = {isa = PBXFileReference; lastKnownFileType = sourcecode.swift; path = NotificationStorage.swift; sourceTree = "<group>"; };
		47D8FC9D20DC13990094026B /* UserNotificationManagerTests.swift */ = {isa = PBXFileReference; lastKnownFileType = sourcecode.swift; path = UserNotificationManagerTests.swift; sourceTree = "<group>"; };
		47F635EC20BB920900AC4555 /* Active.app */ = {isa = PBXFileReference; explicitFileType = wrapper.application; includeInIndex = 0; path = Active.app; sourceTree = BUILT_PRODUCTS_DIR; };
		47F635EF20BB920900AC4555 /* AppDelegate.swift */ = {isa = PBXFileReference; lastKnownFileType = sourcecode.swift; path = AppDelegate.swift; sourceTree = "<group>"; };
		47F635F420BB920900AC4555 /* Base */ = {isa = PBXFileReference; lastKnownFileType = file.storyboard; name = Base; path = Base.lproj/Main.storyboard; sourceTree = "<group>"; };
		47F635F720BB920900AC4555 /* Active.xcdatamodel */ = {isa = PBXFileReference; lastKnownFileType = wrapper.xcdatamodel; path = Active.xcdatamodel; sourceTree = "<group>"; };
		47F635F920BB920D00AC4555 /* Assets.xcassets */ = {isa = PBXFileReference; lastKnownFileType = folder.assetcatalog; path = Assets.xcassets; sourceTree = "<group>"; };
		47F635FC20BB920D00AC4555 /* Base */ = {isa = PBXFileReference; lastKnownFileType = file.storyboard; name = Base; path = Base.lproj/LaunchScreen.storyboard; sourceTree = "<group>"; };
		47F635FE20BB920D00AC4555 /* Info.plist */ = {isa = PBXFileReference; lastKnownFileType = text.plist.xml; path = Info.plist; sourceTree = "<group>"; };
		47F6360320BB920D00AC4555 /* ActiveTests.xctest */ = {isa = PBXFileReference; explicitFileType = wrapper.cfbundle; includeInIndex = 0; path = ActiveTests.xctest; sourceTree = BUILT_PRODUCTS_DIR; };
		47F6360720BB920D00AC4555 /* ActiveTests.swift */ = {isa = PBXFileReference; lastKnownFileType = sourcecode.swift; path = ActiveTests.swift; sourceTree = "<group>"; };
		47F6360920BB920D00AC4555 /* Info.plist */ = {isa = PBXFileReference; lastKnownFileType = text.plist.xml; path = Info.plist; sourceTree = "<group>"; };
/* End PBXFileReference section */

/* Begin PBXFrameworksBuildPhase section */
		47F635E920BB920900AC4555 /* Frameworks */ = {
			isa = PBXFrameworksBuildPhase;
			buildActionMask = 2147483647;
			files = (
			);
			runOnlyForDeploymentPostprocessing = 0;
		};
		47F6360020BB920D00AC4555 /* Frameworks */ = {
			isa = PBXFrameworksBuildPhase;
			buildActionMask = 2147483647;
			files = (
			);
			runOnlyForDeploymentPostprocessing = 0;
		};
/* End PBXFrameworksBuildPhase section */

/* Begin PBXGroup section */
		4713A20520C16555008A13D2 /* Model */ = {
			isa = PBXGroup;
			children = (
				47F635F620BB920900AC4555 /* Active.xcdatamodeld */,
				4713A1FB20C1643E008A13D2 /* User.swift */,
				4713A1FD20C16459008A13D2 /* Habit.swift */,
				4713A1FF20C164E6008A13D2 /* HabitDay.swift */,
				4713A20120C164FB008A13D2 /* Day.swift */,
				4713A20320C16542008A13D2 /* Notification.swift */,
			);
			path = Model;
			sourceTree = "<group>";
		};
		4725D05720C8A42400C3B63F /* Storage */ = {
			isa = PBXGroup;
			children = (
				4725D05E20C97D9C00C3B63F /* UserStorage.swift */,
				4725D05C20C8A96200C3B63F /* HabitStorage.swift */,
				4725D06020CA06EE00C3B63F /* DayStorage.swift */,
				4725D06220CA14A600C3B63F /* HabitDayStorage.swift */,
				4779588420D8B38B0080614F /* NotificationStorage.swift */,
			);
			path = Storage;
			sourceTree = "<group>";
		};
		4725D05820C8A42E00C3B63F /* Controllers */ = {
			isa = PBXGroup;
			children = (
				47F635F320BB920900AC4555 /* Main.storyboard */,
				4725D05A20C8A4BA00C3B63F /* HabitsTableViewController.swift */,
			);
			path = Controllers;
			sourceTree = "<group>";
		};
		4725D05920C8A43B00C3B63F /* Views */ = {
			isa = PBXGroup;
			children = (
			);
			path = Views;
			sourceTree = "<group>";
		};
		474A209820D1B4E400E0EBD0 /* ExtensionTests */ = {
			isa = PBXGroup;
			children = (
				474A209B20D1B51300E0EBD0 /* DateUtilsTests.swift */,
			);
			path = ExtensionTests;
			sourceTree = "<group>";
		};
		474F9C8420CC7DEF0094C19C /* Extensions */ = {
			isa = PBXGroup;
			children = (
				474F9C8520CC7E180094C19C /* Date+Utils.swift */,
			);
			path = Extensions;
			sourceTree = "<group>";
		};
		474F9C8820CE3F470094C19C /* StorageTests */ = {
			isa = PBXGroup;
			children = (
				474F9C8C20CEE2840094C19C /* UserStorageTests.swift */,
				474A209420D00AFA00E0EBD0 /* DayStorageTests.swift */,
				474A209620D1B02700E0EBD0 /* HabitStorageTests.swift */,
				4779587F20D8ADA90080614F /* NotificationStorageTests.swift */,
			);
			path = StorageTests;
			sourceTree = "<group>";
		};
		475C96AB20E0832A00212E1F /* ModelTests */ = {
			isa = PBXGroup;
			children = (
				475C96AC20E1216D00212E1F /* HabitTests.swift */,
			);
			path = ModelTests;
			sourceTree = "<group>";
		};
		4761DFD020DE68B8003F772A /* IntegrationTests */ = {
			isa = PBXGroup;
			children = (
				474F9C8920CE3F670094C19C /* IntegrationTestCase.swift */,
				4761DFD420DEB8D3003F772A /* Factories */,
				4761DFD120DE68EB003F772A /* Mocks */,
				47D8FC9C20DB28350094026B /* ManagerTests */,
				474F9C8820CE3F470094C19C /* StorageTests */,
				475C96AB20E0832A00212E1F /* ModelTests */,
			);
			path = IntegrationTests;
			sourceTree = "<group>";
		};
		4761DFD120DE68EB003F772A /* Mocks */ = {
			isa = PBXGroup;
			children = (
				4761DFD220DE692A003F772A /* UNUserNotificationCenterMock.swift */,
			);
			path = Mocks;
			sourceTree = "<group>";
		};
		4761DFD420DEB8D3003F772A /* Factories */ = {
			isa = PBXGroup;
			children = (
				475C96A120DEFB4C00212E1F /* DummyFactory.swift */,
				475C96A320DEFC9500212E1F /* DayFactory.swift */,
				4761DFD520DEEAA7003F772A /* UserFactory.swift */,
				475C96A520DEFEBC00212E1F /* HabitFactory.swift */,
				475C96A720DF20A500212E1F /* NotificationFactory.swift */,
				475C96A920DF235000212E1F /* HabitDayFactory.swift */,
			);
			path = Factories;
			sourceTree = "<group>";
		};
		4779588120D8B2AC0080614F /* Managers */ = {
			isa = PBXGroup;
			children = (
				4779588220D8B2E10080614F /* UserNotificationManager.swift */,
			);
			path = Managers;
			sourceTree = "<group>";
		};
		47D8FC9C20DB28350094026B /* ManagerTests */ = {
			isa = PBXGroup;
			children = (
				47D8FC9D20DC13990094026B /* UserNotificationManagerTests.swift */,
			);
			path = ManagerTests;
			sourceTree = "<group>";
		};
		47F635E320BB920900AC4555 = {
			isa = PBXGroup;
			children = (
				47F635EE20BB920900AC4555 /* Active */,
				47F6360620BB920D00AC4555 /* ActiveTests */,
				47F635ED20BB920900AC4555 /* Products */,
			);
			sourceTree = "<group>";
		};
		47F635ED20BB920900AC4555 /* Products */ = {
			isa = PBXGroup;
			children = (
				47F635EC20BB920900AC4555 /* Active.app */,
				47F6360320BB920D00AC4555 /* ActiveTests.xctest */,
			);
			name = Products;
			sourceTree = "<group>";
		};
		47F635EE20BB920900AC4555 /* Active */ = {
			isa = PBXGroup;
			children = (
				4725D05920C8A43B00C3B63F /* Views */,
				4725D05820C8A42E00C3B63F /* Controllers */,
				4725D05720C8A42400C3B63F /* Storage */,
				4713A20520C16555008A13D2 /* Model */,
				4779588120D8B2AC0080614F /* Managers */,
				474F9C8420CC7DEF0094C19C /* Extensions */,
				47F6361220BB924100AC4555 /* Supporting Files */,
				47F635FE20BB920D00AC4555 /* Info.plist */,
			);
			path = Active;
			sourceTree = "<group>";
		};
		47F6360620BB920D00AC4555 /* ActiveTests */ = {
			isa = PBXGroup;
			children = (
				4761DFD020DE68B8003F772A /* IntegrationTests */,
				474A209820D1B4E400E0EBD0 /* ExtensionTests */,
				47F6360720BB920D00AC4555 /* ActiveTests.swift */,
				47F6360920BB920D00AC4555 /* Info.plist */,
			);
			path = ActiveTests;
			sourceTree = "<group>";
		};
		47F6361220BB924100AC4555 /* Supporting Files */ = {
			isa = PBXGroup;
			children = (
				47F635EF20BB920900AC4555 /* AppDelegate.swift */,
				47F635F920BB920D00AC4555 /* Assets.xcassets */,
				47F635FB20BB920D00AC4555 /* LaunchScreen.storyboard */,
			);
			path = "Supporting Files";
			sourceTree = "<group>";
		};
/* End PBXGroup section */

/* Begin PBXNativeTarget section */
		47F635EB20BB920900AC4555 /* Active */ = {
			isa = PBXNativeTarget;
			buildConfigurationList = 47F6360C20BB920D00AC4555 /* Build configuration list for PBXNativeTarget "Active" */;
			buildPhases = (
				47F635E820BB920900AC4555 /* Sources */,
				47F635E920BB920900AC4555 /* Frameworks */,
				47F635EA20BB920900AC4555 /* Resources */,
				474F9C8720CE37C40094C19C /* Run Script */,
			);
			buildRules = (
			);
			dependencies = (
			);
			name = Active;
			productName = Active;
			productReference = 47F635EC20BB920900AC4555 /* Active.app */;
			productType = "com.apple.product-type.application";
		};
		47F6360220BB920D00AC4555 /* ActiveTests */ = {
			isa = PBXNativeTarget;
			buildConfigurationList = 47F6360F20BB920D00AC4555 /* Build configuration list for PBXNativeTarget "ActiveTests" */;
			buildPhases = (
				47F635FF20BB920D00AC4555 /* Sources */,
				47F6360020BB920D00AC4555 /* Frameworks */,
				47F6360120BB920D00AC4555 /* Resources */,
			);
			buildRules = (
			);
			dependencies = (
				47F6360520BB920D00AC4555 /* PBXTargetDependency */,
			);
			name = ActiveTests;
			productName = ActiveTests;
			productReference = 47F6360320BB920D00AC4555 /* ActiveTests.xctest */;
			productType = "com.apple.product-type.bundle.unit-test";
		};
/* End PBXNativeTarget section */

/* Begin PBXProject section */
		47F635E420BB920900AC4555 /* Project object */ = {
			isa = PBXProject;
			attributes = {
				LastSwiftUpdateCheck = 0930;
				LastUpgradeCheck = 0930;
				ORGANIZATIONNAME = "Tiago Maia Lopes";
				TargetAttributes = {
					47F635EB20BB920900AC4555 = {
						CreatedOnToolsVersion = 9.3.1;
					};
					47F6360220BB920D00AC4555 = {
						CreatedOnToolsVersion = 9.3.1;
						TestTargetID = 47F635EB20BB920900AC4555;
					};
				};
			};
			buildConfigurationList = 47F635E720BB920900AC4555 /* Build configuration list for PBXProject "Active" */;
			compatibilityVersion = "Xcode 9.3";
			developmentRegion = en;
			hasScannedForEncodings = 0;
			knownRegions = (
				en,
				Base,
			);
			mainGroup = 47F635E320BB920900AC4555;
			productRefGroup = 47F635ED20BB920900AC4555 /* Products */;
			projectDirPath = "";
			projectRoot = "";
			targets = (
				47F635EB20BB920900AC4555 /* Active */,
				47F6360220BB920D00AC4555 /* ActiveTests */,
			);
		};
/* End PBXProject section */

/* Begin PBXResourcesBuildPhase section */
		47F635EA20BB920900AC4555 /* Resources */ = {
			isa = PBXResourcesBuildPhase;
			buildActionMask = 2147483647;
			files = (
				47F635FD20BB920D00AC4555 /* LaunchScreen.storyboard in Resources */,
				47F635FA20BB920D00AC4555 /* Assets.xcassets in Resources */,
				47F635F520BB920900AC4555 /* Main.storyboard in Resources */,
			);
			runOnlyForDeploymentPostprocessing = 0;
		};
		47F6360120BB920D00AC4555 /* Resources */ = {
			isa = PBXResourcesBuildPhase;
			buildActionMask = 2147483647;
			files = (
			);
			runOnlyForDeploymentPostprocessing = 0;
		};
/* End PBXResourcesBuildPhase section */

/* Begin PBXShellScriptBuildPhase section */
		474F9C8720CE37C40094C19C /* Run Script */ = {
			isa = PBXShellScriptBuildPhase;
			buildActionMask = 2147483647;
			files = (
			);
			inputPaths = (
			);
			name = "Run Script";
			outputPaths = (
			);
			runOnlyForDeploymentPostprocessing = 0;
			shellPath = /bin/sh;
			shellScript = "KEYWORDS=\"TODO:|FIXME:|DevTeam:|XXX:\"\nfind \"${SRCROOT}\" \\( -name \"*.h\" -or -name \"*.m\" -or -name \"*.swift\" \\) -print0 | xargs -0 egrep --with-filename --line-number --only-matching \"($KEYWORDS).*\\$\" | perl -p -e \"s/($KEYWORDS)/ warning: \\$1/\"";
		};
/* End PBXShellScriptBuildPhase section */

/* Begin PBXSourcesBuildPhase section */
		47F635E820BB920900AC4555 /* Sources */ = {
			isa = PBXSourcesBuildPhase;
			buildActionMask = 2147483647;
			files = (
				47F635F820BB920900AC4555 /* Active.xcdatamodeld in Sources */,
				47F635F020BB920900AC4555 /* AppDelegate.swift in Sources */,
				4713A20220C164FB008A13D2 /* Day.swift in Sources */,
				4779588320D8B2E10080614F /* UserNotificationManager.swift in Sources */,
				4713A20420C16542008A13D2 /* Notification.swift in Sources */,
				4725D06120CA06EE00C3B63F /* DayStorage.swift in Sources */,
				4725D05F20C97D9C00C3B63F /* UserStorage.swift in Sources */,
				474F9C8620CC7E180094C19C /* Date+Utils.swift in Sources */,
				4725D05B20C8A4BA00C3B63F /* HabitsTableViewController.swift in Sources */,
				4725D06320CA14A600C3B63F /* HabitDayStorage.swift in Sources */,
				4713A1FE20C16459008A13D2 /* Habit.swift in Sources */,
				4779588520D8B38B0080614F /* NotificationStorage.swift in Sources */,
				4725D05D20C8A96200C3B63F /* HabitStorage.swift in Sources */,
				4713A20020C164E6008A13D2 /* HabitDay.swift in Sources */,
				4713A1FC20C1643E008A13D2 /* User.swift in Sources */,
			);
			runOnlyForDeploymentPostprocessing = 0;
		};
		47F635FF20BB920D00AC4555 /* Sources */ = {
			isa = PBXSourcesBuildPhase;
			buildActionMask = 2147483647;
			files = (
				475C96AD20E1216D00212E1F /* HabitTests.swift in Sources */,
				474F9C8D20CEE2840094C19C /* UserStorageTests.swift in Sources */,
				475C96AA20DF235000212E1F /* HabitDayFactory.swift in Sources */,
				475C96A620DEFEBC00212E1F /* HabitFactory.swift in Sources */,
				4761DFD620DEEAA7003F772A /* UserFactory.swift in Sources */,
				47F6360820BB920D00AC4555 /* ActiveTests.swift in Sources */,
				475C96A420DEFC9500212E1F /* DayFactory.swift in Sources */,
				4761DFD320DE692A003F772A /* UNUserNotificationCenterMock.swift in Sources */,
				474A209C20D1B51300E0EBD0 /* DateUtilsTests.swift in Sources */,
				475C96A220DEFB4C00212E1F /* DummyFactory.swift in Sources */,
				474A209720D1B02700E0EBD0 /* HabitStorageTests.swift in Sources */,
				47D8FC9E20DC13990094026B /* UserNotificationManagerTests.swift in Sources */,
				474A209520D00AFA00E0EBD0 /* DayStorageTests.swift in Sources */,
				4779588020D8ADA90080614F /* NotificationStorageTests.swift in Sources */,
				474F9C8A20CE3F670094C19C /* IntegrationTestCase.swift in Sources */,
				475C96A820DF20A500212E1F /* NotificationFactory.swift in Sources */,
			);
			runOnlyForDeploymentPostprocessing = 0;
		};
/* End PBXSourcesBuildPhase section */

/* Begin PBXTargetDependency section */
		47F6360520BB920D00AC4555 /* PBXTargetDependency */ = {
			isa = PBXTargetDependency;
			target = 47F635EB20BB920900AC4555 /* Active */;
			targetProxy = 47F6360420BB920D00AC4555 /* PBXContainerItemProxy */;
		};
/* End PBXTargetDependency section */

/* Begin PBXVariantGroup section */
		47F635F320BB920900AC4555 /* Main.storyboard */ = {
			isa = PBXVariantGroup;
			children = (
				47F635F420BB920900AC4555 /* Base */,
			);
			name = Main.storyboard;
			sourceTree = "<group>";
		};
		47F635FB20BB920D00AC4555 /* LaunchScreen.storyboard */ = {
			isa = PBXVariantGroup;
			children = (
				47F635FC20BB920D00AC4555 /* Base */,
			);
			name = LaunchScreen.storyboard;
			sourceTree = "<group>";
		};
/* End PBXVariantGroup section */

/* Begin XCBuildConfiguration section */
		47F6360A20BB920D00AC4555 /* Debug */ = {
			isa = XCBuildConfiguration;
			buildSettings = {
				ALWAYS_SEARCH_USER_PATHS = NO;
				CLANG_ANALYZER_NONNULL = YES;
				CLANG_ANALYZER_NUMBER_OBJECT_CONVERSION = YES_AGGRESSIVE;
				CLANG_CXX_LANGUAGE_STANDARD = "gnu++14";
				CLANG_CXX_LIBRARY = "libc++";
				CLANG_ENABLE_MODULES = YES;
				CLANG_ENABLE_OBJC_ARC = YES;
				CLANG_ENABLE_OBJC_WEAK = YES;
				CLANG_WARN_BLOCK_CAPTURE_AUTORELEASING = YES;
				CLANG_WARN_BOOL_CONVERSION = YES;
				CLANG_WARN_COMMA = YES;
				CLANG_WARN_CONSTANT_CONVERSION = YES;
				CLANG_WARN_DEPRECATED_OBJC_IMPLEMENTATIONS = YES;
				CLANG_WARN_DIRECT_OBJC_ISA_USAGE = YES_ERROR;
				CLANG_WARN_DOCUMENTATION_COMMENTS = YES;
				CLANG_WARN_EMPTY_BODY = YES;
				CLANG_WARN_ENUM_CONVERSION = YES;
				CLANG_WARN_INFINITE_RECURSION = YES;
				CLANG_WARN_INT_CONVERSION = YES;
				CLANG_WARN_NON_LITERAL_NULL_CONVERSION = YES;
				CLANG_WARN_OBJC_IMPLICIT_RETAIN_SELF = YES;
				CLANG_WARN_OBJC_LITERAL_CONVERSION = YES;
				CLANG_WARN_OBJC_ROOT_CLASS = YES_ERROR;
				CLANG_WARN_RANGE_LOOP_ANALYSIS = YES;
				CLANG_WARN_STRICT_PROTOTYPES = YES;
				CLANG_WARN_SUSPICIOUS_MOVE = YES;
				CLANG_WARN_UNGUARDED_AVAILABILITY = YES_AGGRESSIVE;
				CLANG_WARN_UNREACHABLE_CODE = YES;
				CLANG_WARN__DUPLICATE_METHOD_MATCH = YES;
				CODE_SIGN_IDENTITY = "iPhone Developer";
				COPY_PHASE_STRIP = NO;
				DEBUG_INFORMATION_FORMAT = dwarf;
				ENABLE_STRICT_OBJC_MSGSEND = YES;
				ENABLE_TESTABILITY = YES;
				GCC_C_LANGUAGE_STANDARD = gnu11;
				GCC_DYNAMIC_NO_PIC = NO;
				GCC_NO_COMMON_BLOCKS = YES;
				GCC_OPTIMIZATION_LEVEL = 0;
				GCC_PREPROCESSOR_DEFINITIONS = (
					"DEBUG=1",
					"$(inherited)",
				);
				GCC_WARN_64_TO_32_BIT_CONVERSION = YES;
				GCC_WARN_ABOUT_RETURN_TYPE = YES_ERROR;
				GCC_WARN_UNDECLARED_SELECTOR = YES;
				GCC_WARN_UNINITIALIZED_AUTOS = YES_AGGRESSIVE;
				GCC_WARN_UNUSED_FUNCTION = YES;
				GCC_WARN_UNUSED_VARIABLE = YES;
				IPHONEOS_DEPLOYMENT_TARGET = 11.3;
				MTL_ENABLE_DEBUG_INFO = YES;
				ONLY_ACTIVE_ARCH = YES;
				SDKROOT = iphoneos;
				SWIFT_ACTIVE_COMPILATION_CONDITIONS = DEBUG;
				SWIFT_OPTIMIZATION_LEVEL = "-Onone";
			};
			name = Debug;
		};
		47F6360B20BB920D00AC4555 /* Release */ = {
			isa = XCBuildConfiguration;
			buildSettings = {
				ALWAYS_SEARCH_USER_PATHS = NO;
				CLANG_ANALYZER_NONNULL = YES;
				CLANG_ANALYZER_NUMBER_OBJECT_CONVERSION = YES_AGGRESSIVE;
				CLANG_CXX_LANGUAGE_STANDARD = "gnu++14";
				CLANG_CXX_LIBRARY = "libc++";
				CLANG_ENABLE_MODULES = YES;
				CLANG_ENABLE_OBJC_ARC = YES;
				CLANG_ENABLE_OBJC_WEAK = YES;
				CLANG_WARN_BLOCK_CAPTURE_AUTORELEASING = YES;
				CLANG_WARN_BOOL_CONVERSION = YES;
				CLANG_WARN_COMMA = YES;
				CLANG_WARN_CONSTANT_CONVERSION = YES;
				CLANG_WARN_DEPRECATED_OBJC_IMPLEMENTATIONS = YES;
				CLANG_WARN_DIRECT_OBJC_ISA_USAGE = YES_ERROR;
				CLANG_WARN_DOCUMENTATION_COMMENTS = YES;
				CLANG_WARN_EMPTY_BODY = YES;
				CLANG_WARN_ENUM_CONVERSION = YES;
				CLANG_WARN_INFINITE_RECURSION = YES;
				CLANG_WARN_INT_CONVERSION = YES;
				CLANG_WARN_NON_LITERAL_NULL_CONVERSION = YES;
				CLANG_WARN_OBJC_IMPLICIT_RETAIN_SELF = YES;
				CLANG_WARN_OBJC_LITERAL_CONVERSION = YES;
				CLANG_WARN_OBJC_ROOT_CLASS = YES_ERROR;
				CLANG_WARN_RANGE_LOOP_ANALYSIS = YES;
				CLANG_WARN_STRICT_PROTOTYPES = YES;
				CLANG_WARN_SUSPICIOUS_MOVE = YES;
				CLANG_WARN_UNGUARDED_AVAILABILITY = YES_AGGRESSIVE;
				CLANG_WARN_UNREACHABLE_CODE = YES;
				CLANG_WARN__DUPLICATE_METHOD_MATCH = YES;
				CODE_SIGN_IDENTITY = "iPhone Developer";
				COPY_PHASE_STRIP = NO;
				DEBUG_INFORMATION_FORMAT = "dwarf-with-dsym";
				ENABLE_NS_ASSERTIONS = NO;
				ENABLE_STRICT_OBJC_MSGSEND = YES;
				GCC_C_LANGUAGE_STANDARD = gnu11;
				GCC_NO_COMMON_BLOCKS = YES;
				GCC_WARN_64_TO_32_BIT_CONVERSION = YES;
				GCC_WARN_ABOUT_RETURN_TYPE = YES_ERROR;
				GCC_WARN_UNDECLARED_SELECTOR = YES;
				GCC_WARN_UNINITIALIZED_AUTOS = YES_AGGRESSIVE;
				GCC_WARN_UNUSED_FUNCTION = YES;
				GCC_WARN_UNUSED_VARIABLE = YES;
				IPHONEOS_DEPLOYMENT_TARGET = 11.3;
				MTL_ENABLE_DEBUG_INFO = NO;
				SDKROOT = iphoneos;
				SWIFT_COMPILATION_MODE = wholemodule;
				SWIFT_OPTIMIZATION_LEVEL = "-O";
				VALIDATE_PRODUCT = YES;
			};
			name = Release;
		};
		47F6360D20BB920D00AC4555 /* Debug */ = {
			isa = XCBuildConfiguration;
			buildSettings = {
				ASSETCATALOG_COMPILER_APPICON_NAME = AppIcon;
				CODE_SIGN_STYLE = Automatic;
				DEVELOPMENT_TEAM = 79964U8894;
				INFOPLIST_FILE = Active/Info.plist;
				LD_RUNPATH_SEARCH_PATHS = (
					"$(inherited)",
					"@executable_path/Frameworks",
				);
				PRODUCT_BUNDLE_IDENTIFIER = tiago.maia.Active;
				PRODUCT_NAME = "$(TARGET_NAME)";
				SWIFT_VERSION = 4.0;
				TARGETED_DEVICE_FAMILY = "1,2";
			};
			name = Debug;
		};
		47F6360E20BB920D00AC4555 /* Release */ = {
			isa = XCBuildConfiguration;
			buildSettings = {
				ASSETCATALOG_COMPILER_APPICON_NAME = AppIcon;
				CODE_SIGN_STYLE = Automatic;
				DEVELOPMENT_TEAM = 79964U8894;
				INFOPLIST_FILE = Active/Info.plist;
				LD_RUNPATH_SEARCH_PATHS = (
					"$(inherited)",
					"@executable_path/Frameworks",
				);
				PRODUCT_BUNDLE_IDENTIFIER = tiago.maia.Active;
				PRODUCT_NAME = "$(TARGET_NAME)";
				SWIFT_VERSION = 4.0;
				TARGETED_DEVICE_FAMILY = "1,2";
			};
			name = Release;
		};
		47F6361020BB920D00AC4555 /* Debug */ = {
			isa = XCBuildConfiguration;
			buildSettings = {
				ALWAYS_EMBED_SWIFT_STANDARD_LIBRARIES = YES;
				BUNDLE_LOADER = "$(TEST_HOST)";
				CODE_SIGN_STYLE = Automatic;
				DEVELOPMENT_TEAM = 79964U8894;
				INFOPLIST_FILE = ActiveTests/Info.plist;
				LD_RUNPATH_SEARCH_PATHS = (
					"$(inherited)",
					"@executable_path/Frameworks",
					"@loader_path/Frameworks",
				);
				PRODUCT_BUNDLE_IDENTIFIER = tiago.maia.ActiveTests;
				PRODUCT_NAME = "$(TARGET_NAME)";
				SWIFT_VERSION = 4.0;
				TARGETED_DEVICE_FAMILY = "1,2";
				TEST_HOST = "$(BUILT_PRODUCTS_DIR)/Active.app/Active";
			};
			name = Debug;
		};
		47F6361120BB920D00AC4555 /* Release */ = {
			isa = XCBuildConfiguration;
			buildSettings = {
				ALWAYS_EMBED_SWIFT_STANDARD_LIBRARIES = YES;
				BUNDLE_LOADER = "$(TEST_HOST)";
				CODE_SIGN_STYLE = Automatic;
				DEVELOPMENT_TEAM = 79964U8894;
				INFOPLIST_FILE = ActiveTests/Info.plist;
				LD_RUNPATH_SEARCH_PATHS = (
					"$(inherited)",
					"@executable_path/Frameworks",
					"@loader_path/Frameworks",
				);
				PRODUCT_BUNDLE_IDENTIFIER = tiago.maia.ActiveTests;
				PRODUCT_NAME = "$(TARGET_NAME)";
				SWIFT_VERSION = 4.0;
				TARGETED_DEVICE_FAMILY = "1,2";
				TEST_HOST = "$(BUILT_PRODUCTS_DIR)/Active.app/Active";
			};
			name = Release;
		};
/* End XCBuildConfiguration section */

/* Begin XCConfigurationList section */
		47F635E720BB920900AC4555 /* Build configuration list for PBXProject "Active" */ = {
			isa = XCConfigurationList;
			buildConfigurations = (
				47F6360A20BB920D00AC4555 /* Debug */,
				47F6360B20BB920D00AC4555 /* Release */,
			);
			defaultConfigurationIsVisible = 0;
			defaultConfigurationName = Release;
		};
		47F6360C20BB920D00AC4555 /* Build configuration list for PBXNativeTarget "Active" */ = {
			isa = XCConfigurationList;
			buildConfigurations = (
				47F6360D20BB920D00AC4555 /* Debug */,
				47F6360E20BB920D00AC4555 /* Release */,
			);
			defaultConfigurationIsVisible = 0;
			defaultConfigurationName = Release;
		};
		47F6360F20BB920D00AC4555 /* Build configuration list for PBXNativeTarget "ActiveTests" */ = {
			isa = XCConfigurationList;
			buildConfigurations = (
				47F6361020BB920D00AC4555 /* Debug */,
				47F6361120BB920D00AC4555 /* Release */,
			);
			defaultConfigurationIsVisible = 0;
			defaultConfigurationName = Release;
		};
/* End XCConfigurationList section */

/* Begin XCVersionGroup section */
		47F635F620BB920900AC4555 /* Active.xcdatamodeld */ = {
			isa = XCVersionGroup;
			children = (
				47F635F720BB920900AC4555 /* Active.xcdatamodel */,
			);
			currentVersion = 47F635F720BB920900AC4555 /* Active.xcdatamodel */;
			path = Active.xcdatamodeld;
			sourceTree = "<group>";
			versionGroupType = wrapper.xcdatamodel;
		};
/* End XCVersionGroup section */
	};
	rootObject = 47F635E420BB920900AC4555 /* Project object */;
}
