PODS:
  - JTAppleCalendar (7.1.5)

DEPENDENCIES:
  - JTAppleCalendar (~> 7.1.5)

SPEC REPOS:
  https://github.com/cocoapods/specs.git:
    - JTAppleCalendar

SPEC CHECKSUMS:
  JTAppleCalendar: 2d4f974f9f3c8b4964d51ca1f6e004883c031fbe

PODFILE CHECKSUM: 610499c4bf267592ccd55acd71aab8c8fa420e06

COCOAPODS: 1.5.3
