PODS:
  - JTAppleCalendar (7.1.5)
  - SwiftLint (0.26.0)

DEPENDENCIES:
  - JTAppleCalendar (~> 7.1.5)
  - SwiftLint

SPEC REPOS:
  https://github.com/cocoapods/specs.git:
    - JTAppleCalendar
    - SwiftLint

SPEC CHECKSUMS:
  JTAppleCalendar: 2d4f974f9f3c8b4964d51ca1f6e004883c031fbe
  SwiftLint: f6b83e8d95ee1e91e11932d843af4fdcbf3fc764

PODFILE CHECKSUM: a7e5f27e71948d45e834083a12487aebdc011adc

COCOAPODS: 1.5.3
